
Microsoft Visual Studio Solution File, Format Version 12.00
# Visual Studio 15
VisualStudioVersion = 15.0.26430.4
MinimumVisualStudioVersion = 10.0.40219.1
Project("{FAE04EC0-301F-11D3-BF4B-00C04F79EFBC}") = "EasyConfig", "EasyConfig\EasyConfig.csproj", "{911761FF-9E73-4503-A21A-AA05803848B3}"
EndProject
Project("{FAE04EC0-301F-11D3-BF4B-00C04F79EFBC}") = "Editor", "Editor\Editor.csproj", "{DF8543D6-A9D9-450B-A9AA-ECD5016EAFD4}"
EndProject
Project("{D954291E-2A0B-460D-934E-DC6B0785DB48}") = "Shared", "Shared\Shared.shproj", "{C96FAD70-AB50-4E2F-BCD6-353553C138C2}"
EndProject
Project("{FAE04EC0-301F-11D3-BF4B-00C04F79EFBC}") = "Test", "Test\Test.csproj", "{186F895F-5EE7-4ACF-834C-B9C7A1025E04}"
EndProject
Global
	GlobalSection(SharedMSBuildProjectFiles) = preSolution
		Shared\Shared.projitems*{911761ff-9e73-4503-a21a-aa05803848b3}*SharedItemsImports = 4
		Shared\Shared.projitems*{c96fad70-ab50-4e2f-bcd6-353553c138c2}*SharedItemsImports = 13
	EndGlobalSection
	GlobalSection(SolutionConfigurationPlatforms) = preSolution
		Debug|Any CPU = Debug|Any CPU
		Release|Any CPU = Release|Any CPU
	EndGlobalSection
	GlobalSection(ProjectConfigurationPlatforms) = postSolution
		{911761FF-9E73-4503-A21A-AA05803848B3}.Debug|Any CPU.ActiveCfg = Debug|Any CPU
		{911761FF-9E73-4503-A21A-AA05803848B3}.Debug|Any CPU.Build.0 = Debug|Any CPU
		{911761FF-9E73-4503-A21A-AA05803848B3}.Release|Any CPU.ActiveCfg = Release|Any CPU
		{911761FF-9E73-4503-A21A-AA05803848B3}.Release|Any CPU.Build.0 = Release|Any CPU
		{DF8543D6-A9D9-450B-A9AA-ECD5016EAFD4}.Debug|Any CPU.ActiveCfg = Debug|Any CPU
		{DF8543D6-A9D9-450B-A9AA-ECD5016EAFD4}.Debug|Any CPU.Build.0 = Debug|Any CPU
		{DF8543D6-A9D9-450B-A9AA-ECD5016EAFD4}.Release|Any CPU.ActiveCfg = Release|Any CPU
		{DF8543D6-A9D9-450B-A9AA-ECD5016EAFD4}.Release|Any CPU.Build.0 = Release|Any CPU
		{186F895F-5EE7-4ACF-834C-B9C7A1025E04}.Debug|Any CPU.ActiveCfg = Debug|Any CPU
		{186F895F-5EE7-4ACF-834C-B9C7A1025E04}.Debug|Any CPU.Build.0 = Debug|Any CPU
		{186F895F-5EE7-4ACF-834C-B9C7A1025E04}.Release|Any CPU.ActiveCfg = Release|Any CPU
		{186F895F-5EE7-4ACF-834C-B9C7A1025E04}.Release|Any CPU.Build.0 = Release|Any CPU
	EndGlobalSection
	GlobalSection(SolutionProperties) = preSolution
		HideSolutionNode = FALSE
	EndGlobalSection
	GlobalSection(ExtensibilityGlobals) = postSolution
		SolutionGuid = {7466C181-47F1-4284-9432-4668403A6DD2}
	EndGlobalSection
EndGlobal
